
Microsoft Visual Studio Solution File, Format Version 12.00
# Visual Studio Version 16
VisualStudioVersion = 16.0.31702.278
MinimumVisualStudioVersion = 10.0.40219.1
Project("{FAE04EC0-301F-11D3-BF4B-00C04F79EFBC}") = "LR10", "LR10\LR10.csproj", "{6DEF1261-8B1C-4326-A47D-47A63EBA8E71}"
EndProject
Project("{2150E333-8FDC-42A3-9474-1A3956D46DE8}") = "Solution Items", "Solution Items", "{308DAE57-C6D5-4F89-A89E-C12EE62DD0AF}"
EndProject
Global
	GlobalSection(SolutionConfigurationPlatforms) = preSolution
		Debug|Any CPU = Debug|Any CPU
		Release|Any CPU = Release|Any CPU
	EndGlobalSection
	GlobalSection(ProjectConfigurationPlatforms) = postSolution
		{6DEF1261-8B1C-4326-A47D-47A63EBA8E71}.Debug|Any CPU.ActiveCfg = Debug|Any CPU
		{6DEF1261-8B1C-4326-A47D-47A63EBA8E71}.Debug|Any CPU.Build.0 = Debug|Any CPU
		{6DEF1261-8B1C-4326-A47D-47A63EBA8E71}.Release|Any CPU.ActiveCfg = Release|Any CPU
		{6DEF1261-8B1C-4326-A47D-47A63EBA8E71}.Release|Any CPU.Build.0 = Release|Any CPU
	EndGlobalSection
	GlobalSection(SolutionProperties) = preSolution
		HideSolutionNode = FALSE
	EndGlobalSection
	GlobalSection(ExtensibilityGlobals) = postSolution
		SolutionGuid = {26AA3846-C30C-4002-B4F7-6C2CA6BA556E}
	EndGlobalSection
EndGlobal
